
Microsoft Visual Studio Solution File, Format Version 12.00
# Visual Studio Version 17
VisualStudioVersion = 17.6.33829.357
MinimumVisualStudioVersion = 10.0.40219.1
Project("{FAE04EC0-301F-11D3-BF4B-00C04F79EFBC}") = "Crypto", "Crypto.csproj", "{E3B6D747-E0A5-4845-9363-AF8508198B92}"
EndProject
Global
	GlobalSection(SolutionConfigurationPlatforms) = preSolution
		Debug|Any CPU = Debug|Any CPU
		Release|Any CPU = Release|Any CPU
	EndGlobalSection
	GlobalSection(ProjectConfigurationPlatforms) = postSolution
		{E3B6D747-E0A5-4845-9363-AF8508198B92}.Debug|Any CPU.ActiveCfg = Debug|Any CPU
		{E3B6D747-E0A5-4845-9363-AF8508198B92}.Debug|Any CPU.Build.0 = Debug|Any CPU
		{E3B6D747-E0A5-4845-9363-AF8508198B92}.Release|Any CPU.ActiveCfg = Release|Any CPU
		{E3B6D747-E0A5-4845-9363-AF8508198B92}.Release|Any CPU.Build.0 = Release|Any CPU
	EndGlobalSection
	GlobalSection(SolutionProperties) = preSolution
		HideSolutionNode = FALSE
	EndGlobalSection
	GlobalSection(ExtensibilityGlobals) = postSolution
		SolutionGuid = {7F920057-09DA-475E-A7B5-3DB627525F4A}
	EndGlobalSection
EndGlobal
